{
  "lockfileVersion": 1,
  "configVersion": 1,
  "workspaces": {
    "": {
      "name": "ditto",
      "dependencies": {
        "@musicorum/lastfm": "^0.4.0",
        "@napi-rs/canvas": "^1.0.2",
        "dotenv": "^17.2.3",
      },
      "devDependencies": {
        "@types/bun": "^1.3.14",
        "@types/node": "^26.1.0",
      },
    },
  },
  "packages": {
    "@musicorum/lastfm": ["@musicorum/lastfm@0.4.0", "", {}, "sha512-0NzbG0AkFhRtg5tSwvANPLi4A5wNmeeoah4RdYOFooCWKxkItjcMn4kDiXkIksd+EYlmGvY2QEfnG99AOXTSkQ=="],

    "@napi-rs/canvas": ["@napi-rs/canvas@1.0.2", "", { "optionalDependencies": { "@napi-rs/canvas-android-arm64": "1.0.2", "@napi-rs/canvas-darwin-arm64": "1.0.2", "@napi-rs/canvas-darwin-x64": "1.0.2", "@napi-rs/canvas-linux-arm-gnueabihf": "1.0.2", "@napi-rs/canvas-linux-arm64-gnu": "1.0.2", "@napi-rs/canvas-linux-arm64-musl": "1.0.2", "@napi-rs/canvas-linux-riscv64-gnu": "1.0.2", "@napi-rs/canvas-linux-x64-gnu": "1.0.2", "@napi-rs/canvas-linux-x64-musl": "1.0.2", "@napi-rs/canvas-win32-arm64-msvc": "1.0.2", "@napi-rs/canvas-win32-x64-msvc": "1.0.2" } }, "sha512-EYEqlMYaCbpZDz+IgDH5xp9MTd3ui4dmGqbQYryhMLnSRxrhHKq5KQWHHKxFUcEP4Hp8/BWgvqXocX4j7iSbOQ=="],

    "@napi-rs/canvas-android-arm64": ["@napi-rs/canvas-android-arm64@1.0.2", "", { "os": "android", "cpu": "arm64" }, "sha512-IMXKVQod0ol4vt3gmClUfXz4JAgHYESGPCUqmH3lQxBoL0K/2greJaQE1HVBVxWWFKfLc4OLZVdxg7kXVyXv+g=="],

    "@napi-rs/canvas-darwin-arm64": ["@napi-rs/canvas-darwin-arm64@1.0.2", "", { "os": "darwin", "cpu": "arm64" }, "sha512-Sc8tPi6cF+5lqOzCCKFALJHhDiRwyMzTPYm3bbhdXsOunU0lQO5f05ucyOzN2r55I23Hg5bsjH63uSCvWp3EgQ=="],

    "@napi-rs/canvas-darwin-x64": ["@napi-rs/canvas-darwin-x64@1.0.2", "", { "os": "darwin", "cpu": "x64" }, "sha512-niDXZ9LhKB1zLrUdYB64RHQFDGz9rr0eGx061qtJJU3U20EMMIx28ADF5fVYbhtOgkWQrBjFicfaye1yM0U62A=="],

    "@napi-rs/canvas-linux-arm-gnueabihf": ["@napi-rs/canvas-linux-arm-gnueabihf@1.0.2", "", { "os": "linux", "cpu": "arm" }, "sha512-sgatQL9JxGRH/Amzcvu0P3t8Am3duou74CisfuJ41Dwt8cWy723z/9KZ8LlgmxfypEwEZxSTNFJtU8d281lmhQ=="],

    "@napi-rs/canvas-linux-arm64-gnu": ["@napi-rs/canvas-linux-arm64-gnu@1.0.2", "", { "os": "linux", "cpu": "arm64" }, "sha512-dgKuX0peF3xwY6ZF5QxGS4wbfDqpoFAJYXiLSp+guZKARQUKMkRqZSDrXKj7nfrec3UCMzC0PFCPte0ES98AiA=="],

    "@napi-rs/canvas-linux-arm64-musl": ["@napi-rs/canvas-linux-arm64-musl@1.0.2", "", { "os": "linux", "cpu": "arm64" }, "sha512-qwROoDIC9upfvDoRLuPn2aNg9CGW1x0Ygr4k2Or+8paA9d0qBLwk87U+g8KQpoOviKoPoiwl97kvBYuYD7qZoA=="],

    "@napi-rs/canvas-linux-riscv64-gnu": ["@napi-rs/canvas-linux-riscv64-gnu@1.0.2", "", { "os": "linux", "cpu": "none" }, "sha512-fXRjnPihdnbO6qy1QQOgxAonb68A0TCEG7rj1x7v7rxNElsE8EVIKIEUTvyDtU+sthYSbX+8e7g3oZiLGnOmxw=="],

    "@napi-rs/canvas-linux-x64-gnu": ["@napi-rs/canvas-linux-x64-gnu@1.0.2", "", { "os": "linux", "cpu": "x64" }, "sha512-nPR97DXhbWIAy7yazF3jc06kEPMqYMLmPzFOVNlwKPfIoSChnI+x7dc0hTLaihz3jxrjL6j4BbA7earxfx4X3g=="],

    "@napi-rs/canvas-linux-x64-musl": ["@napi-rs/canvas-linux-x64-musl@1.0.2", "", { "os": "linux", "cpu": "x64" }, "sha512-l7zZY5+jL5qnBZtDz7CoBtY6p7EkHu422g/0zWwrOrzIwWyWxZFRfZZORY1UG7YApymPLx+UbOkN206xXn/c1Q=="],

    "@napi-rs/canvas-win32-arm64-msvc": ["@napi-rs/canvas-win32-arm64-msvc@1.0.2", "", { "os": "win32", "cpu": "arm64" }, "sha512-yE0koHCFF4PIbMc2o2SEALhnipz7WBISh5glLvQiomtIoCcW0np3H4Lw93ceJAfJttTTeIIWFbwH84F7EVzjMQ=="],

    "@napi-rs/canvas-win32-x64-msvc": ["@napi-rs/canvas-win32-x64-msvc@1.0.2", "", { "os": "win32", "cpu": "x64" }, "sha512-okU8/t2foV6C31n0GtvEMbfD5rOFc70+/6xUNME9Guld29sgSOIGUEDScAWFlcP3k5TYQRl9TNkwJEEjh15w8A=="],

    "@types/bun": ["@types/bun@1.3.14", "", { "dependencies": { "bun-types": "1.3.14" } }, "sha512-h1hFqFVcvAvD9j9K7ZW7vd82aSA+rTdznZa+5bwvCwqSB1jmmfLcbIWhOLx1/+boy/xmjgCs/OMUL8hRJSmnPw=="],

    "@types/node": ["@types/node@26.1.0", "", { "dependencies": { "undici-types": "~8.3.0" } }, "sha512-O0A1G3xPGy4w7AgQdAQYUlQ+BKk2Oovw8eRpofyp5KdBZULnbe+WqaOVNrm705SHphCiG4XHsACrSmPu1f+Kgw=="],

    "bun-types": ["bun-types@1.3.14", "", { "dependencies": { "@types/node": "*" } }, "sha512-4N0ig0fEomHt5R0KCFWjovxow98rIoRwKolrYdCcknNwMekCXRnWEUvgu5soYV8QXtVsrUD8B95MBOZGPvr6KQ=="],

    "dotenv": ["dotenv@17.2.3", "", {}, "sha512-JVUnt+DUIzu87TABbhPmNfVdBDt18BLOWjMUFJMSi/Qqg7NTYtabbvSNJGOJ7afbRuv9D/lngizHtP7QyLQ+9w=="],

    "undici-types": ["undici-types@8.3.0", "", {}, "sha512-j375ScV60dom+YkPFIfTLcOiPxkN/buHz5GobjLhixFuANaNs3C9l4GmrWqejgXWJ7BbJcFYpTEUkS1Ge8bpZQ=="],

    "bun-types/@types/node": ["@types/node@25.0.10", "", { "dependencies": { "undici-types": "~7.16.0" } }, "sha512-zWW5KPngR/yvakJgGOmZ5vTBemDoSqF3AcV/LrO5u5wTWyEAVVh+IT39G4gtyAkh3CtTZs8aX/yRM82OfzHJRg=="],

    "bun-types/@types/node/undici-types": ["undici-types@7.16.0", "", {}, "sha512-Zz+aZWSj8LE6zoxD+xrjh4VfkIG8Ya6LvYkZqtUQGJPZjYl53ypCaUwWqo7eI0x66KBGeRo+mlBEkMSeSZ38Nw=="],
  }
}
